
Microsoft Visual Studio Solution File, Format Version 12.00
# Visual Studio Version 17
VisualStudioVersion = 17.14.36518.9 d17.14
MinimumVisualStudioVersion = 10.0.40219.1
Project("{FAE04EC0-301F-11D3-BF4B-00C04F79EFBC}") = "Grupp H1 eller H1337", "Grupp H1 eller H1337\Grupp H1 eller H1337.csproj", "{17A7EC24-8107-4D00-8B7F-9D5BEC0DC745}"
EndProject
Global
	GlobalSection(SolutionConfigurationPlatforms) = preSolution
		Debug|Any CPU = Debug|Any CPU
		Release|Any CPU = Release|Any CPU
	EndGlobalSection
	GlobalSection(ProjectConfigurationPlatforms) = postSolution
		{17A7EC24-8107-4D00-8B7F-9D5BEC0DC745}.Debug|Any CPU.ActiveCfg = Debug|Any CPU
		{17A7EC24-8107-4D00-8B7F-9D5BEC0DC745}.Debug|Any CPU.Build.0 = Debug|Any CPU
		{17A7EC24-8107-4D00-8B7F-9D5BEC0DC745}.Release|Any CPU.ActiveCfg = Release|Any CPU
		{17A7EC24-8107-4D00-8B7F-9D5BEC0DC745}.Release|Any CPU.Build.0 = Release|Any CPU
	EndGlobalSection
	GlobalSection(SolutionProperties) = preSolution
		HideSolutionNode = FALSE
	EndGlobalSection
	GlobalSection(ExtensibilityGlobals) = postSolution
		SolutionGuid = {2F0D491A-17EE-4345-8E51-A44821C1938D}
	EndGlobalSection
EndGlobal
